
Microsoft Visual Studio Solution File, Format Version 12.00
# Visual Studio Version 16
VisualStudioVersion = 16.0.30011.22
MinimumVisualStudioVersion = 10.0.40219.1
Project("{FAE04EC0-301F-11D3-BF4B-00C04F79EFBC}") = "WcfDuplexService", "WcfDuplexService\WcfDuplexService.csproj", "{3A85143B-3FE7-4C96-861F-4B4681A34E40}"
EndProject
Project("{FAE04EC0-301F-11D3-BF4B-00C04F79EFBC}") = "WcfDuplexClient", "WcfDuplexClient\WcfDuplexClient.csproj", "{DE3257C0-5216-443A-93CD-B51474A4937D}"
EndProject
Global
	GlobalSection(SolutionConfigurationPlatforms) = preSolution
		Debug|Any CPU = Debug|Any CPU
		Release|Any CPU = Release|Any CPU
	EndGlobalSection
	GlobalSection(ProjectConfigurationPlatforms) = postSolution
		{3A85143B-3FE7-4C96-861F-4B4681A34E40}.Debug|Any CPU.ActiveCfg = Debug|Any CPU
		{3A85143B-3FE7-4C96-861F-4B4681A34E40}.Debug|Any CPU.Build.0 = Debug|Any CPU
		{3A85143B-3FE7-4C96-861F-4B4681A34E40}.Release|Any CPU.ActiveCfg = Release|Any CPU
		{3A85143B-3FE7-4C96-861F-4B4681A34E40}.Release|Any CPU.Build.0 = Release|Any CPU
		{DE3257C0-5216-443A-93CD-B51474A4937D}.Debug|Any CPU.ActiveCfg = Debug|Any CPU
		{DE3257C0-5216-443A-93CD-B51474A4937D}.Debug|Any CPU.Build.0 = Debug|Any CPU
		{DE3257C0-5216-443A-93CD-B51474A4937D}.Release|Any CPU.ActiveCfg = Release|Any CPU
		{DE3257C0-5216-443A-93CD-B51474A4937D}.Release|Any CPU.Build.0 = Release|Any CPU
	EndGlobalSection
	GlobalSection(SolutionProperties) = preSolution
		HideSolutionNode = FALSE
	EndGlobalSection
	GlobalSection(ExtensibilityGlobals) = postSolution
		SolutionGuid = {99BE367F-F006-4256-9E29-79DE3906AFA7}
	EndGlobalSection
EndGlobal
